# This file is @generated by PDM.
# It is not intended for manual editing.

[[package]]
name = "beautifulsoup4"
version = "4.12.2"
requires_python = ">=3.6.0"
summary = "Screen-scraping library"
dependencies = [
    "soupsieve>1.2",
]

[[package]]
name = "greenlet"
version = "2.0.2"
requires_python = ">=2.7,!=3.0.*,!=3.1.*,!=3.2.*,!=3.3.*,!=3.4.*"
summary = "Lightweight in-process concurrent programming"

[[package]]
name = "overrides"
version = "7.3.1"
requires_python = ">=3.6"
summary = "A decorator to automatically detect mismatch when overriding a method."

[[package]]
name = "playwright"
version = "1.35.0"
requires_python = ">=3.7"
summary = "A high-level API to automate web browsers"
dependencies = [
    "greenlet==2.0.2",
    "pyee==9.0.4",
]

[[package]]
name = "pyee"
version = "9.0.4"
summary = "A port of node.js's EventEmitter to python."
dependencies = [
    "typing-extensions",
]

[[package]]
name = "setuptools"
version = "68.0.0"
requires_python = ">=3.7"
summary = "Easily download, build, install, upgrade, and uninstall Python packages"

[[package]]
name = "soupsieve"
version = "2.4.1"
requires_python = ">=3.7"
summary = "A modern CSS selector implementation for Beautiful Soup."

[[package]]
name = "typing-extensions"
version = "4.6.3"
requires_python = ">=3.7"
summary = "Backported and Experimental Type Hints for Python 3.7+"

[metadata]
lock_version = "4.2"
cross_platform = true
groups = ["default"]
content_hash = "sha256:0d1cd3f1ad147b07a1e44ecd2096d9eda3bec33de20b8fc777e0b05c6d422d41"

[metadata.files]
"beautifulsoup4 4.12.2" = [
    {url = "https://files.pythonhosted.org/packages/57/f4/a69c20ee4f660081a7dedb1ac57f29be9378e04edfcb90c526b923d4bebc/beautifulsoup4-4.12.2-py3-none-any.whl", hash = "sha256:bd2520ca0d9d7d12694a53d44ac482d181b4ec1888909b035a3dbf40d0f57d4a"},
    {url = "https://files.pythonhosted.org/packages/af/0b/44c39cf3b18a9280950ad63a579ce395dda4c32193ee9da7ff0aed547094/beautifulsoup4-4.12.2.tar.gz", hash = "sha256:492bbc69dca35d12daac71c4db1bfff0c876c00ef4a2ffacce226d4638eb72da"},
]
"greenlet 2.0.2" = [
    {url = "https://files.pythonhosted.org/packages/07/ef/6bfa2ea34f76dea02833d66d28ae7cf4729ddab74ee93ee069c7f1d47c4f/greenlet-2.0.2-cp37-cp37m-macosx_10_15_x86_64.whl", hash = "sha256:d5508f0b173e6aa47273bdc0a0b5ba055b59662ba7c7ee5119528f466585526b"},
    {url = "https://files.pythonhosted.org/packages/08/b1/0615df6393464d6819040124eb7bdff6b682f206a464b4537964819dcab4/greenlet-2.0.2-cp36-cp36m-manylinux_2_17_aarch64.manylinux2014_aarch64.whl", hash = "sha256:2dd11f291565a81d71dab10b7033395b7a3a5456e637cf997a6f33ebdf06f8db"},
    {url = "https://files.pythonhosted.org/packages/09/57/5fdd37939e0989a756a32d0a838409b68d1c5d348115e9c697f42ee4f87d/greenlet-2.0.2-cp39-cp39-manylinux_2_17_aarch64.manylinux2014_aarch64.whl", hash = "sha256:971ce5e14dc5e73715755d0ca2975ac88cfdaefcaab078a284fea6cfabf866df"},
    {url = "https://files.pythonhosted.org/packages/09/93/d7ed73f82b6f1045dd5d98f063fa16da5273d0812c42f38229d28882762b/greenlet-2.0.2-cp39-cp39-win32.whl", hash = "sha256:ea9872c80c132f4663822dd2a08d404073a5a9b5ba6155bea72fb2a79d1093b5"},
    {url = "https://files.pythonhosted.org/packages/0a/46/96b37dcfe9c9d39b2d2f060a5775139ce8a440315a1ca2667a6b83a2860e/greenlet-2.0.2-cp310-cp310-macosx_11_0_x86_64.whl", hash = "sha256:30bcf80dda7f15ac77ba5af2b961bdd9dbc77fd4ac6105cee85b0d0a5fcf74df"},
    {url = "https://files.pythonhosted.org/packages/0a/54/cbc1096b883b2d1c0c1454837f089971de814ba5ce42be04cf0716a06000/greenlet-2.0.2-cp36-cp36m-manylinux_2_17_ppc64le.manylinux2014_ppc64le.whl", hash = "sha256:e0f72c9ddb8cd28532185f54cc1453f2c16fb417a08b53a855c4e6a418edd099"},
    {url = "https://files.pythonhosted.org/packages/0d/f6/2d406a22767029e785154071bef79b296f91b92d1c199ec3c2202386bf04/greenlet-2.0.2-cp38-cp38-manylinux_2_17_ppc64le.manylinux2014_ppc64le.whl", hash = "sha256:8eab883b3b2a38cc1e050819ef06a7e6344d4a990d24d45bc6f2cf959045a45b"},
    {url = "https://files.pythonhosted.org/packages/17/f9/7f5d755380d329e44307c2f6e52096740fdebb92e7e22516811aeae0aec0/greenlet-2.0.2-cp310-cp310-musllinux_1_1_x86_64.whl", hash = "sha256:76ae285c8104046b3a7f06b42f29c7b73f77683df18c49ab5af7983994c2dd91"},
    {url = "https://files.pythonhosted.org/packages/1d/a0/697653ea5e35acaf28e2a1246645ac512beb9b49a86b310fd0151b075342/greenlet-2.0.2-cp39-cp39-manylinux2010_x86_64.whl", hash = "sha256:561091a7be172ab497a3527602d467e2b3fbe75f9e783d8b8ce403fa414f71a6"},
    {url = "https://files.pythonhosted.org/packages/1e/1e/632e55a04d732c8184201238d911207682b119c35cecbb9a573a6c566731/greenlet-2.0.2.tar.gz", hash = "sha256:e7c8dc13af7db097bed64a051d2dd49e9f0af495c26995c00a9ee842690d34c0"},
    {url = "https://files.pythonhosted.org/packages/1f/42/95800f165d20fb8269fe6a3ac494649718ede074b1d8a78f58ee2ebda27a/greenlet-2.0.2-cp37-cp37m-musllinux_1_1_x86_64.whl", hash = "sha256:18e98fb3de7dba1c0a852731c3070cf022d14f0d68b4c87a19cc1016f3bb8b33"},
    {url = "https://files.pythonhosted.org/packages/20/28/c93ffaa75f3c907cd010bf44c5c18c7f8f4bb2409146bd67d538163e33b8/greenlet-2.0.2-cp39-cp39-musllinux_1_1_aarch64.whl", hash = "sha256:1a819eef4b0e0b96bb0d98d797bef17dc1b4a10e8d7446be32d1da33e095dbb8"},
    {url = "https://files.pythonhosted.org/packages/29/c4/fe82cb9ff1bffc52a3832e35fa49cce63e5d366808179153ee879ce47cc9/greenlet-2.0.2-cp27-cp27m-manylinux2010_x86_64.whl", hash = "sha256:9d14b83fab60d5e8abe587d51c75b252bcc21683f24699ada8fb275d7712f5a9"},
    {url = "https://files.pythonhosted.org/packages/37/b9/3ebd606768bee3ef2198fe6d5e7c6c3af42ad3e06b56c1d0a89c56faba2a/greenlet-2.0.2-cp38-cp38-manylinux2010_x86_64.whl", hash = "sha256:ba2956617f1c42598a308a84c6cf021a90ff3862eddafd20c3333d50f0edb45b"},
    {url = "https://files.pythonhosted.org/packages/3a/69/a6d3d7abd0f36438ff5fab52572fd107966939d59ef9b8309263ab89f607/greenlet-2.0.2-cp35-cp35m-macosx_10_14_x86_64.whl", hash = "sha256:910841381caba4f744a44bf81bfd573c94e10b3045ee00de0cbf436fe50673a6"},
    {url = "https://files.pythonhosted.org/packages/42/d0/285b81442d8552b1ae6a2ff38caeec94ab90507c9740da718189416e8e6e/greenlet-2.0.2-cp27-cp27m-macosx_10_14_x86_64.whl", hash = "sha256:bdfea8c661e80d3c1c99ad7c3ff74e6e87184895bbaca6ee8cc61209f8b9b85d"},
    {url = "https://files.pythonhosted.org/packages/43/81/e0a656e3a417b172f834ba5a08dde02b55fd249416c1e933d62ffb6734d0/greenlet-2.0.2-cp37-cp37m-manylinux_2_17_ppc64le.manylinux2014_ppc64le.whl", hash = "sha256:2780572ec463d44c1d3ae850239508dbeb9fed38e294c68d19a24d925d9223ca"},
    {url = "https://files.pythonhosted.org/packages/49/b8/3ee1723978245e6f0c087908689f424876803ec05555400681240ab2ab33/greenlet-2.0.2-cp39-cp39-manylinux_2_17_ppc64le.manylinux2014_ppc64le.whl", hash = "sha256:be4ed120b52ae4d974aa40215fcdfde9194d63541c7ded40ee12eb4dda57b76b"},
    {url = "https://files.pythonhosted.org/packages/4d/b2/32f737e1fcf67b23351b4860489029df562b41d7ffb568a3e1ae610f7a9b/greenlet-2.0.2-cp39-cp39-musllinux_1_1_x86_64.whl", hash = "sha256:7efde645ca1cc441d6dc4b48c0f7101e8d86b54c8530141b09fd31cef5149ec9"},
    {url = "https://files.pythonhosted.org/packages/50/3d/7e3d95b955722c514f982bdf6bbe92bb76218b0036dd9b093ae0c168d63a/greenlet-2.0.2-cp38-cp38-macosx_10_15_x86_64.whl", hash = "sha256:b864ba53912b6c3ab6bcb2beb19f19edd01a6bfcbdfe1f37ddd1778abfe75a30"},
    {url = "https://files.pythonhosted.org/packages/52/39/fa5212bc9ac588c62e52213d4fab30a348059842883410724f9d0408c0f4/greenlet-2.0.2-cp27-cp27m-win_amd64.whl", hash = "sha256:283737e0da3f08bd637b5ad058507e578dd462db259f7f6e4c5c365ba4ee9343"},
    {url = "https://files.pythonhosted.org/packages/53/0f/637f6e18e1980ebd2eedd8a9918a7898a6fe44f6188f6f39c6d9181c9891/greenlet-2.0.2-cp310-cp310-win_amd64.whl", hash = "sha256:2d4686f195e32d36b4d7cf2d166857dbd0ee9f3d20ae349b6bf8afc8485b3645"},
    {url = "https://files.pythonhosted.org/packages/54/ce/3a589ec27bd5de97707d2a193716bbe412ccbdb1479f0c3f990789c8fa8c/greenlet-2.0.2-cp37-cp37m-manylinux_2_17_aarch64.manylinux2014_aarch64.whl", hash = "sha256:c9c59a2120b55788e800d82dfa99b9e156ff8f2227f07c5e3012a45a399620b7"},
    {url = "https://files.pythonhosted.org/packages/57/a8/079c59b8f5406957224f4f4176e9827508d555beba6d8635787d694226d1/greenlet-2.0.2-cp35-cp35m-manylinux2010_x86_64.whl", hash = "sha256:18a7f18b82b52ee85322d7a7874e676f34ab319b9f8cce5de06067384aa8ff43"},
    {url = "https://files.pythonhosted.org/packages/5a/30/5eab5cbb99263c7d8305657587381c84da2a71fddb07dd5efbfaeecf7264/greenlet-2.0.2-cp37-cp37m-manylinux_2_17_x86_64.manylinux2014_x86_64.whl", hash = "sha256:937e9020b514ceedb9c830c55d5c9872abc90f4b5862f89c0887033ae33c6f73"},
    {url = "https://files.pythonhosted.org/packages/6a/3d/77bd8dd7dd0b872eac87f1edf6fcd94d9d7666befb706ae3a08ed25fbea7/greenlet-2.0.2-cp36-cp36m-win32.whl", hash = "sha256:dbfcfc0218093a19c252ca8eb9aee3d29cfdcb586df21049b9d777fd32c14fd9"},
    {url = "https://files.pythonhosted.org/packages/6b/2f/1cb3f376df561c95cb61b199676f51251f991699e325a2aa5e12693d10b8/greenlet-2.0.2-cp311-cp311-manylinux_2_17_ppc64le.manylinux2014_ppc64le.whl", hash = "sha256:a1846f1b999e78e13837c93c778dcfc3365902cfb8d1bdb7dd73ead37059f0d0"},
    {url = "https://files.pythonhosted.org/packages/6b/cd/84301cdf80360571f6aa77ac096f867ba98094fec2cb93e69c93d996b8f8/greenlet-2.0.2-cp38-cp38-musllinux_1_1_x86_64.whl", hash = "sha256:b0ef99cdbe2b682b9ccbb964743a6aca37905fda5e0452e5ee239b1654d37f2a"},
    {url = "https://files.pythonhosted.org/packages/6e/11/a1f1af20b6a1a8069bc75012569d030acb89fd7ef70f888b6af2f85accc6/greenlet-2.0.2-cp310-cp310-manylinux_2_17_x86_64.manylinux2014_x86_64.whl", hash = "sha256:d75209eed723105f9596807495d58d10b3470fa6732dd6756595e89925ce2470"},
    {url = "https://files.pythonhosted.org/packages/71/c5/c26840ce91bcbbfc42c1a246289d9d4c758663652669f24e37f84bcdae2a/greenlet-2.0.2-cp311-cp311-musllinux_1_1_x86_64.whl", hash = "sha256:5454276c07d27a740c5892f4907c86327b632127dd9abec42ee62e12427ff7e3"},
    {url = "https://files.pythonhosted.org/packages/7c/5f/ee39d27a08ae6b93f14faa953a6593dad888df75ae55ff479135e64ad4fe/greenlet-2.0.2-cp38-cp38-manylinux_2_17_x86_64.manylinux2014_x86_64.whl", hash = "sha256:acd2162a36d3de67ee896c43effcd5ee3de247eb00354db411feb025aa319857"},
    {url = "https://files.pythonhosted.org/packages/7c/f8/275f7fb1585d5e7dfbc18b4eb78282fbc85986f2eb8a185e7ebc60522cc2/greenlet-2.0.2-cp36-cp36m-macosx_10_14_x86_64.whl", hash = "sha256:703f18f3fda276b9a916f0934d2fb6d989bf0b4fb5a64825260eb9bfd52d78f0"},
    {url = "https://files.pythonhosted.org/packages/7e/a6/0a34cde83fe520fa4e8192a1bc0fc7bf9f755215fefe3f42c9b97c45c620/greenlet-2.0.2-cp311-cp311-win_amd64.whl", hash = "sha256:7cafd1208fdbe93b67c7086876f061f660cfddc44f404279c1585bbf3cdc64c5"},
    {url = "https://files.pythonhosted.org/packages/83/d1/cc273f8f5908940d6666a3db8637d2e24913a2e8e5034012b19ac291a2a0/greenlet-2.0.2-cp36-cp36m-musllinux_1_1_aarch64.whl", hash = "sha256:3c9b12575734155d0c09d6c3e10dbd81665d5c18e1a7c6597df72fd05990c8cf"},
    {url = "https://files.pythonhosted.org/packages/86/8d/3a18311306830f6db5f5676a1cb8082c8943bfa6c928b40006e5358170fc/greenlet-2.0.2-cp311-cp311-manylinux_2_17_x86_64.manylinux2014_x86_64.whl", hash = "sha256:3a06ad5312349fec0ab944664b01d26f8d1f05009566339ac6f63f56589bc1a2"},
    {url = "https://files.pythonhosted.org/packages/93/40/db2803f88326149ddcd1c00092e1e36ef55d31922812863753143a9aca01/greenlet-2.0.2-cp36-cp36m-manylinux_2_17_x86_64.manylinux2014_x86_64.whl", hash = "sha256:cd021c754b162c0fb55ad5d6b9d960db667faad0fa2ff25bb6e1301b0b6e6a75"},
    {url = "https://files.pythonhosted.org/packages/9d/ae/8ee23a9b63f854acc66ed0da7220130d87c861153cbc8ea07d11b61567f1/greenlet-2.0.2-cp36-cp36m-musllinux_1_1_x86_64.whl", hash = "sha256:b9ec052b06a0524f0e35bd8790686a1da006bd911dd1ef7d50b77bfbad74e292"},
    {url = "https://files.pythonhosted.org/packages/a1/ea/66e69cf3034be99a1959b2bdd178f5176979e0e63107a37a194c90c49b40/greenlet-2.0.2-cp38-cp38-win_amd64.whl", hash = "sha256:4d2e11331fc0c02b6e84b0d28ece3a36e0548ee1a1ce9ddde03752d9b79bba40"},
    {url = "https://files.pythonhosted.org/packages/a3/6c/dde49c63ab2f12d2ce401620dbe1a80830109f5f310bdd2f96d2e259de37/greenlet-2.0.2-cp36-cp36m-win_amd64.whl", hash = "sha256:9f35ec95538f50292f6d8f2c9c9f8a3c6540bbfec21c9e5b4b751e0a7c20864f"},
    {url = "https://files.pythonhosted.org/packages/a8/7a/5542d863a91b3309585219bae7d97aa82fe0482499a840c100297262ec8f/greenlet-2.0.2-cp311-cp311-macosx_10_9_universal2.whl", hash = "sha256:c4302695ad8027363e96311df24ee28978162cdcdd2006476c43970b384a244c"},
    {url = "https://files.pythonhosted.org/packages/aa/21/6bbd8062fee551f747f5334b7ccd503693704ac4f3183fd8232e2af77bff/greenlet-2.0.2-cp35-cp35m-win32.whl", hash = "sha256:03a8f4f3430c3b3ff8d10a2a86028c660355ab637cee9333d63d66b56f09d52a"},
    {url = "https://files.pythonhosted.org/packages/ac/4a/3ceafef892b8428f77468506bc5a12d835fb9f150129d1a9704902cb4a2a/greenlet-2.0.2-cp35-cp35m-win_amd64.whl", hash = "sha256:4b58adb399c4d61d912c4c331984d60eb66565175cdf4a34792cd9600f21b394"},
    {url = "https://files.pythonhosted.org/packages/b3/89/1d3b78577a6b2762cb254f6ce5faec9b7c7b23052d1cdb7237273ff37d10/greenlet-2.0.2-cp39-cp39-win_amd64.whl", hash = "sha256:db1a39669102a1d8d12b57de2bb7e2ec9066a6f2b3da35ae511ff93b01b5d564"},
    {url = "https://files.pythonhosted.org/packages/c4/92/bbd9373fb022c21d1c41bc74b043d8d007825f80bb9534f0dd2f7ed62bca/greenlet-2.0.2-cp310-cp310-musllinux_1_1_aarch64.whl", hash = "sha256:3a51c9751078733d88e013587b108f1b7a1fb106d402fb390740f002b6f6551a"},
    {url = "https://files.pythonhosted.org/packages/c5/ab/a69a875a45474cc5776b879258bfa685e99aae992ab310a0b8f773fe56a0/greenlet-2.0.2-cp310-cp310-manylinux_2_17_aarch64.manylinux2014_aarch64.whl", hash = "sha256:26fbfce90728d82bc9e6c38ea4d038cba20b7faf8a0ca53a9c07b67318d46088"},
    {url = "https://files.pythonhosted.org/packages/c7/c9/2637e49b0ef3f17d7eaa52c5af5bfbda5f058e8ee97bd9418978b90e1169/greenlet-2.0.2-cp38-cp38-manylinux_2_17_aarch64.manylinux2014_aarch64.whl", hash = "sha256:fc3a569657468b6f3fb60587e48356fe512c1754ca05a564f11366ac9e306526"},
    {url = "https://files.pythonhosted.org/packages/ca/1a/90f2ae7e3df48cbd42af5df47cf9ee37a6c6a78b1941acbc7eac029f5a44/greenlet-2.0.2-cp27-cp27mu-manylinux2010_x86_64.whl", hash = "sha256:d27ec7509b9c18b6d73f2f5ede2622441de812e7b1a80bbd446cb0633bd3d5ae"},
    {url = "https://files.pythonhosted.org/packages/cd/e8/1ebc8f07d795c3677247e37dae23463a655636a4be387b0d739fa8fd9b2f/greenlet-2.0.2-cp310-cp310-manylinux_2_17_ppc64le.manylinux2014_ppc64le.whl", hash = "sha256:9190f09060ea4debddd24665d6804b995a9c122ef5917ab26e1566dcc712ceeb"},
    {url = "https://files.pythonhosted.org/packages/d2/28/5cf37650334935c6a51313c70c4ec00fb1fad801a551c36afcfc9c03e80b/greenlet-2.0.2-cp36-cp36m-manylinux2010_x86_64.whl", hash = "sha256:32e5b64b148966d9cccc2c8d35a671409e45f195864560829f395a54226408d3"},
    {url = "https://files.pythonhosted.org/packages/d6/c4/f91d771a6628155676765c419c70d6d0ede9b5f3c023102c47ee2f45eadf/greenlet-2.0.2-cp37-cp37m-musllinux_1_1_aarch64.whl", hash = "sha256:36abbf031e1c0f79dd5d596bfaf8e921c41df2bdf54ee1eed921ce1f52999a86"},
    {url = "https://files.pythonhosted.org/packages/da/45/2600faf65f318767d2c24b6fce6bb0ad3721e8cb3eb9d7743aefcca8a6a6/greenlet-2.0.2-cp38-cp38-win32.whl", hash = "sha256:b80f600eddddce72320dbbc8e3784d16bd3fb7b517e82476d8da921f27d4b249"},
    {url = "https://files.pythonhosted.org/packages/e5/ad/91a8f63881c862bb396cefc33d7faa241bf200df7ba96a1961a99329ed15/greenlet-2.0.2-cp38-cp38-musllinux_1_1_aarch64.whl", hash = "sha256:0bf60faf0bc2468089bdc5edd10555bab6e85152191df713e2ab1fcc86382b5a"},
    {url = "https://files.pythonhosted.org/packages/e6/0e/591ea935b63aa3aed3836976779e5d1324aa4b2961f7355ff5d1f296066b/greenlet-2.0.2-cp37-cp37m-manylinux2010_x86_64.whl", hash = "sha256:f82d4d717d8ef19188687aa32b8363e96062911e63ba22a0cff7802a8e58e5f1"},
    {url = "https://files.pythonhosted.org/packages/e8/3a/ebc4fa1e813ae1fa718eb88417c31587e2efb743ed5f6ff0ae066502c349/greenlet-2.0.2-cp311-cp311-manylinux_2_17_aarch64.manylinux2014_aarch64.whl", hash = "sha256:c48f54ef8e05f04d6eff74b8233f6063cb1ed960243eacc474ee73a2ea8573ca"},
    {url = "https://files.pythonhosted.org/packages/e9/29/2ae545c4c0218b042c2bb0760c0f65e114cca1ab5e552dc23b0f118e428a/greenlet-2.0.2-cp39-cp39-manylinux_2_17_x86_64.manylinux2014_x86_64.whl", hash = "sha256:94c817e84245513926588caf1152e3b559ff794d505555211ca041f032abbb6b"},
    {url = "https://files.pythonhosted.org/packages/f0/2e/20eab0fa6353a08b0de055dd54e2575a6869ee693d86387076430475832d/greenlet-2.0.2-cp311-cp311-musllinux_1_1_aarch64.whl", hash = "sha256:eff4eb9b7eb3e4d0cae3d28c283dc16d9bed6b193c2e1ace3ed86ce48ea8df19"},
    {url = "https://files.pythonhosted.org/packages/f4/ad/287efe1d3c8224fa5f9457195a842fc0c4fa4956cb9655a1f4e89914a313/greenlet-2.0.2-cp27-cp27m-win32.whl", hash = "sha256:6c3acb79b0bfd4fe733dff8bc62695283b57949ebcca05ae5c129eb606ff2d74"},
    {url = "https://files.pythonhosted.org/packages/f6/04/74e97d545f9276dee994b959eab3f7d70d77588e5aaedc383d15b0057acd/greenlet-2.0.2-cp39-cp39-macosx_11_0_x86_64.whl", hash = "sha256:88d9ab96491d38a5ab7c56dd7a3cc37d83336ecc564e4e8816dbed12e5aaefc8"},
    {url = "https://files.pythonhosted.org/packages/fa/9a/e0e99a4aa93b16dd58881acb55ac1e2fb011475f2e46cf87843970001882/greenlet-2.0.2-cp37-cp37m-win_amd64.whl", hash = "sha256:7492e2b7bd7c9b9916388d9df23fa49d9b88ac0640db0a5b4ecc2b653bf451e3"},
    {url = "https://files.pythonhosted.org/packages/fc/80/0ed0da38bbb978f39128d7e53ee51c36bed2e4a7460eff92981a3d07f1d4/greenlet-2.0.2-cp37-cp37m-win32.whl", hash = "sha256:3f6ea9bd35eb450837a3d80e77b517ea5bc56b4647f5502cd28de13675ee12f7"},
]
"overrides 7.3.1" = [
    {url = "https://files.pythonhosted.org/packages/7f/36/3fef66c2bf1f66f35538a6703aca0447114b1873913c403f0ea589721aae/overrides-7.3.1-py3-none-any.whl", hash = "sha256:6187d8710a935d09b0bcef8238301d6ee2569d2ac1ae0ec39a8c7924e27f58ca"},
    {url = "https://files.pythonhosted.org/packages/f6/39/e2e3c2c7eba7793a01b5f592c3c7fd6b27da53d75de81430407ef18befb7/overrides-7.3.1.tar.gz", hash = "sha256:8b97c6c1e1681b78cbc9424b138d880f0803c2254c5ebaabdde57bb6c62093f2"},
]
"playwright 1.35.0" = [
    {url = "https://files.pythonhosted.org/packages/29/29/d2be79a08a66db982d3f8857e9fa6c0387eef58df7c2833c934d8d4eb857/playwright-1.35.0-py3-none-manylinux1_x86_64.whl", hash = "sha256:a29cd048b3eddaf116b154328bcb8e3f3a637753cbb926ae3ef5a5e694ed2d64"},
    {url = "https://files.pythonhosted.org/packages/49/35/91583ab8abd3831772b87be3f02795b5a04b22872194980bd41971094d1a/playwright-1.35.0-py3-none-win32.whl", hash = "sha256:188481e780166eae9a2215bb3a58043ae167f7cc963282c7b7d14ba53858451c"},
    {url = "https://files.pythonhosted.org/packages/6c/71/58dad1a5f102f2764afc426afb3f3b8c40c0d148717fc30cd15d940e79d1/playwright-1.35.0-py3-none-macosx_10_13_x86_64.whl", hash = "sha256:9eb7fdb7bb3f4e528e63641b83827531739c58a40c71d4ea0030321d3f04a742"},
    {url = "https://files.pythonhosted.org/packages/7e/7b/68f5633426889f5aa56d0f1cd1fda745d185ec59aace56e6e23e0be9c751/playwright-1.35.0-py3-none-win_amd64.whl", hash = "sha256:2df7cfaaca881fd065f68e1c72a8216679a5b096f2add60c8c7c9dc909fdf7ef"},
    {url = "https://files.pythonhosted.org/packages/b2/7a/dd230701cbfde0a58d26c1828ea802e3bce673eefc61ce8f2915f344ce37/playwright-1.35.0-py3-none-macosx_11_0_universal2.whl", hash = "sha256:4f486ea09940a35c08ec26f272bdcb6c1e043d400f3b9b924d541c5f4a7ed8f3"},
    {url = "https://files.pythonhosted.org/packages/dd/c4/ec0add06e8ce37ed7bcbdcb03026a8cd22fa0267417a717508f298919dd6/playwright-1.35.0-py3-none-manylinux_2_17_aarch64.manylinux2014_aarch64.whl", hash = "sha256:bc1d0686bdb6d7c2ce75087a1d6c7820e3de65be893f8a5ec64455613e884b39"},
    {url = "https://files.pythonhosted.org/packages/f1/c9/6d2be4c146617e6a792d603db7e40bfb71bb5d2830dcfdd6a214c8eef40a/playwright-1.35.0-py3-none-macosx_11_0_arm64.whl", hash = "sha256:444446b55bfb33ac62398f9f71a8fdb6cee1ceda3316d95db3c6419c51bca9be"},
]
"pyee 9.0.4" = [
    {url = "https://files.pythonhosted.org/packages/99/d0/32803671d5d9dc032c766ad6c0716db98fa9b2c6ad9ec544f04849e9d3c7/pyee-9.0.4.tar.gz", hash = "sha256:2770c4928abc721f46b705e6a72b0c59480c4a69c9a83ca0b00bb994f1ea4b32"},
    {url = "https://files.pythonhosted.org/packages/c7/54/10695d113f03688d79d24bbd7eca30b0e386cbc6d2743ffb68dcae131bf6/pyee-9.0.4-py2.py3-none-any.whl", hash = "sha256:9f066570130c554e9cc12de5a9d86f57c7ee47fece163bbdaa3e9c933cfbdfa5"},
]
"setuptools 68.0.0" = [
    {url = "https://files.pythonhosted.org/packages/c7/42/be1c7bbdd83e1bfb160c94b9cafd8e25efc7400346cf7ccdbdb452c467fa/setuptools-68.0.0-py3-none-any.whl", hash = "sha256:11e52c67415a381d10d6b462ced9cfb97066179f0e871399e006c4ab101fc85f"},
    {url = "https://files.pythonhosted.org/packages/dc/98/5f896af066c128669229ff1aa81553ac14cfb3e5e74b6b44594132b8540e/setuptools-68.0.0.tar.gz", hash = "sha256:baf1fdb41c6da4cd2eae722e135500da913332ab3f2f5c7d33af9b492acb5235"},
]
"soupsieve 2.4.1" = [
    {url = "https://files.pythonhosted.org/packages/47/9e/780779233a615777fbdf75a4dee2af7a345f4bf74b42d4a5f836800b9d91/soupsieve-2.4.1.tar.gz", hash = "sha256:89d12b2d5dfcd2c9e8c22326da9d9aa9cb3dfab0a83a024f05704076ee8d35ea"},
    {url = "https://files.pythonhosted.org/packages/49/37/673d6490efc51ec46d198c75903d99de59baffdd47aea3d071b80a9e4e89/soupsieve-2.4.1-py3-none-any.whl", hash = "sha256:1c1bfee6819544a3447586c889157365a27e10d88cde3ad3da0cf0ddf646feb8"},
]
"typing-extensions 4.6.3" = [
    {url = "https://files.pythonhosted.org/packages/42/56/cfaa7a5281734dadc842f3a22e50447c675a1c5a5b9f6ad8a07b467bffe7/typing_extensions-4.6.3.tar.gz", hash = "sha256:d91d5919357fe7f681a9f2b5b4cb2a5f1ef0a1e9f59c4d8ff0d3491e05c0ffd5"},
    {url = "https://files.pythonhosted.org/packages/5f/86/d9b1518d8e75b346a33eb59fa31bdbbee11459a7e2cc5be502fa779e96c5/typing_extensions-4.6.3-py3-none-any.whl", hash = "sha256:88a4153d8505aabbb4e13aacb7c486c2b4a33ca3b3f807914a9b4c844c471c26"},
]
